Microsoft Visual Studio Solution File, Format Version 12.00
# Visual Studio Version 17
VisualStudioVersion = 17.5.2.0
MinimumVisualStudioVersion = 10.0.40219.1
Project("{FAE04EC0-301F-11D3-BF4B-00C04F79EFBC}") = "ESIntegrateSys", "ESIntegrateSys.csproj", "{F4BF6E2F-4A77-81E0-C9D3-A2B4A272B4E5}"
EndProject
Global
	GlobalSection(SolutionConfigurationPlatforms) = preSolution
		Debug|Any CPU = Debug|Any CPU
		Release|Any CPU = Release|Any CPU
	EndGlobalSection
	GlobalSection(ProjectConfigurationPlatforms) = postSolution
		{F4BF6E2F-4A77-81E0-C9D3-A2B4A272B4E5}.Debug|Any CPU.ActiveCfg = Debug|Any CPU
		{F4BF6E2F-4A77-81E0-C9D3-A2B4A272B4E5}.Debug|Any CPU.Build.0 = Debug|Any CPU
		{F4BF6E2F-4A77-81E0-C9D3-A2B4A272B4E5}.Release|Any CPU.ActiveCfg = Release|Any CPU
		{F4BF6E2F-4A77-81E0-C9D3-A2B4A272B4E5}.Release|Any CPU.Build.0 = Release|Any CPU
	EndGlobalSection
	GlobalSection(SolutionProperties) = preSolution
		HideSolutionNode = FALSE
	EndGlobalSection
	GlobalSection(ExtensibilityGlobals) = postSolution
		SolutionGuid = {2ADB6DF3-BD18-4D08-9AE5-438A6F0C9C9D}
	EndGlobalSection
EndGlobal
